
Microsoft Visual Studio Solution File, Format Version 12.00
# Visual Studio Version 16
VisualStudioVersion = 16.0.33529.622
MinimumVisualStudioVersion = 10.0.40219.1
Project("{8BC9CEB8-8B4A-11D0-8D11-00A0C91BC942}") = "WemNameGrabber", "WemNameGrabber\WemNameGrabber.vcxproj", "{A76C53F8-8527-41F4-A5EC-353DB0A3124B}"
EndProject
Global
	GlobalSection(SolutionConfigurationPlatforms) = preSolution
		Debug|x64 = Debug|x64
		Debug|x86 = Debug|x86
		Release|x64 = Release|x64
		Release|x86 = Release|x86
	EndGlobalSection
	GlobalSection(ProjectConfigurationPlatforms) = postSolution
		{A76C53F8-8527-41F4-A5EC-353DB0A3124B}.Debug|x64.ActiveCfg = Debug|x64
		{A76C53F8-8527-41F4-A5EC-353DB0A3124B}.Debug|x64.Build.0 = Debug|x64
		{A76C53F8-8527-41F4-A5EC-353DB0A3124B}.Debug|x86.ActiveCfg = Debug|Win32
		{A76C53F8-8527-41F4-A5EC-353DB0A3124B}.Debug|x86.Build.0 = Debug|Win32
		{A76C53F8-8527-41F4-A5EC-353DB0A3124B}.Release|x64.ActiveCfg = Release|x64
		{A76C53F8-8527-41F4-A5EC-353DB0A3124B}.Release|x64.Build.0 = Release|x64
		{A76C53F8-8527-41F4-A5EC-353DB0A3124B}.Release|x86.ActiveCfg = Release|Win32
		{A76C53F8-8527-41F4-A5EC-353DB0A3124B}.Release|x86.Build.0 = Release|Win32
	EndGlobalSection
	GlobalSection(SolutionProperties) = preSolution
		HideSolutionNode = FALSE
	EndGlobalSection
	GlobalSection(ExtensibilityGlobals) = postSolution
		SolutionGuid = {F2FEA63A-82C8-4165-8415-28DA19E33586}
	EndGlobalSection
EndGlobal
